
Microsoft Visual Studio Solution File, Format Version 12.00
# Visual Studio Version 16
VisualStudioVersion = 16.0.30104.148
MinimumVisualStudioVersion = 10.0.40219.1
Project("{FAE04EC0-301F-11D3-BF4B-00C04F79EFBC}") = "WPF Dasar", "BelajarCRUDWPF\WPF Dasar.csproj", "{9BF7C7B8-2E31-4087-BC56-92740E7673E6}"
EndProject
Global
	GlobalSection(SolutionConfigurationPlatforms) = preSolution
		Debug|Any CPU = Debug|Any CPU
		Release|Any CPU = Release|Any CPU
	EndGlobalSection
	GlobalSection(ProjectConfigurationPlatforms) = postSolution
		{9BF7C7B8-2E31-4087-BC56-92740E7673E6}.Debug|Any CPU.ActiveCfg = Debug|Any CPU
		{9BF7C7B8-2E31-4087-BC56-92740E7673E6}.Debug|Any CPU.Build.0 = Debug|Any CPU
		{9BF7C7B8-2E31-4087-BC56-92740E7673E6}.Release|Any CPU.ActiveCfg = Release|Any CPU
		{9BF7C7B8-2E31-4087-BC56-92740E7673E6}.Release|Any CPU.Build.0 = Release|Any CPU
	EndGlobalSection
	GlobalSection(SolutionProperties) = preSolution
		HideSolutionNode = FALSE
	EndGlobalSection
	GlobalSection(ExtensibilityGlobals) = postSolution
		SolutionGuid = {82D3D55D-007A-4DD2-9E14-C5572E29E294}
	EndGlobalSection
EndGlobal
